
Microsoft Visual Studio Solution File, Format Version 12.00
# Visual Studio Version 17
VisualStudioVersion = 17.0.31903.59
MinimumVisualStudioVersion = 10.0.40219.1
Project("{FAE04EC0-301F-11D3-BF4B-00C04F79EFBC}") = "WpfApp1", "WpfApp1.csproj", "{1D150FC0-3229-4F92-A7BB-D61215BD20A0}"
EndProject
Global
	GlobalSection(SolutionConfigurationPlatforms) = preSolution
		Debug|Any CPU = Debug|Any CPU
		Release|Any CPU = Release|Any CPU
	EndGlobalSection
	GlobalSection(ProjectConfigurationPlatforms) = postSolution
		{1D150FC0-3229-4F92-A7BB-D61215BD20A0}.Debug|Any CPU.ActiveCfg = Debug|Any CPU
		{1D150FC0-3229-4F92-A7BB-D61215BD20A0}.Debug|Any CPU.Build.0 = Debug|Any CPU
		{1D150FC0-3229-4F92-A7BB-D61215BD20A0}.Release|Any CPU.ActiveCfg = Release|Any CPU
		{1D150FC0-3229-4F92-A7BB-D61215BD20A0}.Release|Any CPU.Build.0 = Release|Any CPU
	EndGlobalSection
	GlobalSection(SolutionProperties) = preSolution
		HideSolutionNode = FALSE
	EndGlobalSection
	GlobalSection(ExtensibilityGlobals) = postSolution
		SolutionGuid = {C30C8B7B-E78B-418C-A447-B9B591D170AF}
	EndGlobalSection
EndGlobal
